// !$*UTF8*$!
{
	archiveVersion = 1;
	classes = {
	};
	objectVersion = 50;
	objects = {

/* Begin PBXBuildFile section */
		33322AFC25D6CAD50015BB00 /* LargeButton.swift in Sources */ = {isa = PBXBuildFile; fileRef = 33322AFB25D6CAD50015BB00 /* LargeButton.swift */; };
		33322AFF25D6CB320015BB00 /* AppColor.swift in Sources */ = {isa = PBXBuildFile; fileRef = 33322AFE25D6CB320015BB00 /* AppColor.swift */; };
		334D7BFF25D30C3F002B547C /* ApprovedIndication.swift in Sources */ = {isa = PBXBuildFile; fileRef = 334D7BFE25D30C3F002B547C /* ApprovedIndication.swift */; };
		334D7C0425D3B60C002B547C /* SettingsView.swift in Sources */ = {isa = PBXBuildFile; fileRef = 334D7C0325D3B60C002B547C /* SettingsView.swift */; };
		339208E925DA79DF009B5F6C /* MenuBarIcon.swift in Sources */ = {isa = PBXBuildFile; fileRef = 339208E825DA79DF009B5F6C /* MenuBarIcon.swift */; };
		339E60D325D2625E0052B238 /* ReposView.swift in Sources */ = {isa = PBXBuildFile; fileRef = 339E60D225D2625E0052B238 /* ReposView.swift */; };
		33A0D53625D6D67E0067D904 /* MergableIndication.swift in Sources */ = {isa = PBXBuildFile; fileRef = 33A0D53525D6D67E0067D904 /* MergableIndication.swift */; };
		33A0D53E25D714100067D904 /* AppSettings.swift in Sources */ = {isa = PBXBuildFile; fileRef = 33A0D53D25D714100067D904 /* AppSettings.swift */; };
		33A0D54F25D7E2900067D904 /* ReposSettingsView.swift in Sources */ = {isa = PBXBuildFile; fileRef = 33A0D54E25D7E2900067D904 /* ReposSettingsView.swift */; };
		33A0D55225D8FEDE0067D904 /* AppNotifications.swift in Sources */ = {isa = PBXBuildFile; fileRef = 33A0D55125D8FEDE0067D904 /* AppNotifications.swift */; };
		33A0D55525D900560067D904 /* RepositoryPath.swift in Sources */ = {isa = PBXBuildFile; fileRef = 33A0D55425D900560067D904 /* RepositoryPath.swift */; };
		33A0D55D25D99B8D0067D904 /* ConnectView.swift in Sources */ = {isa = PBXBuildFile; fileRef = 33A0D55C25D99B8D0067D904 /* ConnectView.swift */; };
		33A0D56525D9A0900067D904 /* RequestState.swift in Sources */ = {isa = PBXBuildFile; fileRef = 33A0D56425D9A0900067D904 /* RequestState.swift */; };
		33B25CA225D11926008D6F29 /* AppDelegate.swift in Sources */ = {isa = PBXBuildFile; fileRef = 33B25CA125D11926008D6F29 /* AppDelegate.swift */; };
		33B25CA625D11926008D6F29 /* Assets.xcassets in Resources */ = {isa = PBXBuildFile; fileRef = 33B25CA525D11926008D6F29 /* Assets.xcassets */; };
		33B25CA925D11926008D6F29 /* Preview Assets.xcassets in Resources */ = {isa = PBXBuildFile; fileRef = 33B25CA825D11926008D6F29 /* Preview Assets.xcassets */; };
		33B25CB725D11958008D6F29 /* Main.storyboard in Resources */ = {isa = PBXBuildFile; fileRef = 33B25CB625D11958008D6F29 /* Main.storyboard */; };
		33B25CBD25D119B3008D6F29 /* RootViewModel.swift in Sources */ = {isa = PBXBuildFile; fileRef = 33B25CBA25D119B3008D6F29 /* RootViewModel.swift */; };
		33B25CBE25D119B3008D6F29 /* RepositoryViewModel.swift in Sources */ = {isa = PBXBuildFile; fileRef = 33B25CBB25D119B3008D6F29 /* RepositoryViewModel.swift */; };
		33B25CBF25D119B3008D6F29 /* GithubViewModel.swift in Sources */ = {isa = PBXBuildFile; fileRef = 33B25CBC25D119B3008D6F29 /* GithubViewModel.swift */; };
		33B25CD125D119BE008D6F29 /* PullRequest.swift in Sources */ = {isa = PBXBuildFile; fileRef = 33B25CC325D119BE008D6F29 /* PullRequest.swift */; };
		33B25CD225D119BE008D6F29 /* Review.swift in Sources */ = {isa = PBXBuildFile; fileRef = 33B25CC425D119BE008D6F29 /* Review.swift */; };
		33B25CD325D119BE008D6F29 /* Commit.swift in Sources */ = {isa = PBXBuildFile; fileRef = 33B25CC525D119BE008D6F29 /* Commit.swift */; };
		33B25CD425D119BE008D6F29 /* User.swift in Sources */ = {isa = PBXBuildFile; fileRef = 33B25CC625D119BE008D6F29 /* User.swift */; };
		33B25CD525D119BE008D6F29 /* Repository.swift in Sources */ = {isa = PBXBuildFile; fileRef = 33B25CC725D119BE008D6F29 /* Repository.swift */; };
		33B25CD625D119BE008D6F29 /* GithubClient.swift in Sources */ = {isa = PBXBuildFile; fileRef = 33B25CC825D119BE008D6F29 /* GithubClient.swift */; };
		33B25CD725D119BE008D6F29 /* CancelBag.swift in Sources */ = {isa = PBXBuildFile; fileRef = 33B25CCA25D119BE008D6F29 /* CancelBag.swift */; };
		33B25CD825D119BE008D6F29 /* RestClient.swift in Sources */ = {isa = PBXBuildFile; fileRef = 33B25CCB25D119BE008D6F29 /* RestClient.swift */; };
		33B25CD925D119BE008D6F29 /* DateFormatterExtension.swift in Sources */ = {isa = PBXBuildFile; fileRef = 33B25CCC25D119BE008D6F29 /* DateFormatterExtension.swift */; };
		33B25CDA25D119BE008D6F29 /* ViewPicker.swift in Sources */ = {isa = PBXBuildFile; fileRef = 33B25CCE25D119BE008D6F29 /* ViewPicker.swift */; };
		33B25CDB25D119BE008D6F29 /* RootView.swift in Sources */ = {isa = PBXBuildFile; fileRef = 33B25CCF25D119BE008D6F29 /* RootView.swift */; };
		33B25CDC25D119BE008D6F29 /* ActivityIndicator.swift in Sources */ = {isa = PBXBuildFile; fileRef = 33B25CD025D119BE008D6F29 /* ActivityIndicator.swift */; };
		33B25CE525D17C8D008D6F29 /* PullsView.swift in Sources */ = {isa = PBXBuildFile; fileRef = 33B25CE425D17C8D008D6F29 /* PullsView.swift */; };
		33C3792625D2817100DABBCA /* PullRequestRow.swift in Sources */ = {isa = PBXBuildFile; fileRef = 33C3792525D2817100DABBCA /* PullRequestRow.swift */; };
		33C3792D25D28F9700DABBCA /* PullRequestViewModel.swift in Sources */ = {isa = PBXBuildFile; fileRef = 33C3792C25D28F9700DABBCA /* PullRequestViewModel.swift */; };
		33C3793025D29ECD00DABBCA /* PullEntry.swift in Sources */ = {isa = PBXBuildFile; fileRef = 33C3792F25D29ECD00DABBCA /* PullEntry.swift */; };
		33E5DC7125DFA24500428669 /* ArrayExtension.swift in Sources */ = {isa = PBXBuildFile; fileRef = 33E5DC7025DFA24500428669 /* ArrayExtension.swift */; };
		33EB143525DA9DB9005451B4 /* SideBar.swift in Sources */ = {isa = PBXBuildFile; fileRef = 33EB143425DA9DB9005451B4 /* SideBar.swift */; };
		33EB143F25DAB930005451B4 /* ProfileSettingsView.swift in Sources */ = {isa = PBXBuildFile; fileRef = 33EB143E25DAB930005451B4 /* ProfileSettingsView.swift */; };
		33EB144325DABB28005451B4 /* RemoteImage.swift in Sources */ = {isa = PBXBuildFile; fileRef = 33EB144225DABB28005451B4 /* RemoteImage.swift */; };
/* End PBXBuildFile section */

/* Begin PBXFileReference section */
		33322AFB25D6CAD50015BB00 /* LargeButton.swift */ = {isa = PBXFileReference; lastKnownFileType = sourcecode.swift; path = LargeButton.swift; sourceTree = "<group>"; };
		33322AFE25D6CB320015BB00 /* AppColor.swift */ = {isa = PBXFileReference; lastKnownFileType = sourcecode.swift; path = AppColor.swift; sourceTree = "<group>"; };
		334D7BFE25D30C3F002B547C /* ApprovedIndication.swift */ = {isa = PBXFileReference; lastKnownFileType = sourcecode.swift; path = ApprovedIndication.swift; sourceTree = "<group>"; };
		334D7C0325D3B60C002B547C /* SettingsView.swift */ = {isa = PBXFileReference; lastKnownFileType = sourcecode.swift; path = SettingsView.swift; sourceTree = "<group>"; };
		339208E825DA79DF009B5F6C /* MenuBarIcon.swift */ = {isa = PBXFileReference; lastKnownFileType = sourcecode.swift; path = MenuBarIcon.swift; sourceTree = "<group>"; };
		339E60D225D2625E0052B238 /* ReposView.swift */ = {isa = PBXFileReference; lastKnownFileType = sourcecode.swift; path = ReposView.swift; sourceTree = "<group>"; };
		33A0D53525D6D67E0067D904 /* MergableIndication.swift */ = {isa = PBXFileReference; lastKnownFileType = sourcecode.swift; path = MergableIndication.swift; sourceTree = "<group>"; };
		33A0D53D25D714100067D904 /* AppSettings.swift */ = {isa = PBXFileReference; lastKnownFileType = sourcecode.swift; path = AppSettings.swift; sourceTree = "<group>"; };
		33A0D54E25D7E2900067D904 /* ReposSettingsView.swift */ = {isa = PBXFileReference; lastKnownFileType = sourcecode.swift; path = ReposSettingsView.swift; sourceTree = "<group>"; };
		33A0D55125D8FEDE0067D904 /* AppNotifications.swift */ = {isa = PBXFileReference; lastKnownFileType = sourcecode.swift; path = AppNotifications.swift; sourceTree = "<group>"; };
		33A0D55425D900560067D904 /* RepositoryPath.swift */ = {isa = PBXFileReference; lastKnownFileType = sourcecode.swift; path = RepositoryPath.swift; sourceTree = "<group>"; };
		33A0D55C25D99B8D0067D904 /* ConnectView.swift */ = {isa = PBXFileReference; lastKnownFileType = sourcecode.swift; path = ConnectView.swift; sourceTree = "<group>"; };
		33A0D56425D9A0900067D904 /* RequestState.swift */ = {isa = PBXFileReference; lastKnownFileType = sourcecode.swift; path = RequestState.swift; sourceTree = "<group>"; };
		33B25C9E25D11926008D6F29 /* Duesentrieb.app */ = {isa = PBXFileReference; explicitFileType = wrapper.application; includeInIndex = 0; path = Duesentrieb.app; sourceTree = BUILT_PRODUCTS_DIR; };
		33B25CA125D11926008D6F29 /* AppDelegate.swift */ = {isa = PBXFileReference; lastKnownFileType = sourcecode.swift; path = AppDelegate.swift; sourceTree = "<group>"; };
		33B25CA525D11926008D6F29 /* Assets.xcassets */ = {isa = PBXFileReference; lastKnownFileType = folder.assetcatalog; path = Assets.xcassets; sourceTree = "<group>"; };
		33B25CA825D11926008D6F29 /* Preview Assets.xcassets */ = {isa = PBXFileReference; lastKnownFileType = folder.assetcatalog; path = "Preview Assets.xcassets"; sourceTree = "<group>"; };
		33B25CAD25D11926008D6F29 /* Info.plist */ = {isa = PBXFileReference; lastKnownFileType = text.plist.xml; path = Info.plist; sourceTree = "<group>"; };
		33B25CAE25D11926008D6F29 /* Duesentrieb.entitlements */ = {isa = PBXFileReference; lastKnownFileType = text.plist.entitlements; path = Duesentrieb.entitlements; sourceTree = "<group>"; };
		33B25CB625D11958008D6F29 /* Main.storyboard */ = {isa = PBXFileReference; fileEncoding = 4; lastKnownFileType = file.storyboard; path = Main.storyboard; sourceTree = "<group>"; };
		33B25CBA25D119B3008D6F29 /* RootViewModel.swift */ = {isa = PBXFileReference; fileEncoding = 4; lastKnownFileType = sourcecode.swift; path = RootViewModel.swift; sourceTree = "<group>"; };
		33B25CBB25D119B3008D6F29 /* RepositoryViewModel.swift */ = {isa = PBXFileReference; fileEncoding = 4; lastKnownFileType = sourcecode.swift; path = RepositoryViewModel.swift; sourceTree = "<group>"; };
		33B25CBC25D119B3008D6F29 /* GithubViewModel.swift */ = {isa = PBXFileReference; fileEncoding = 4; lastKnownFileType = sourcecode.swift; path = GithubViewModel.swift; sourceTree = "<group>"; };
		33B25CC325D119BE008D6F29 /* PullRequest.swift */ = {isa = PBXFileReference; fileEncoding = 4; lastKnownFileType = sourcecode.swift; path = PullRequest.swift; sourceTree = "<group>"; };
		33B25CC425D119BE008D6F29 /* Review.swift */ = {isa = PBXFileReference; fileEncoding = 4; lastKnownFileType = sourcecode.swift; path = Review.swift; sourceTree = "<group>"; };
		33B25CC525D119BE008D6F29 /* Commit.swift */ = {isa = PBXFileReference; fileEncoding = 4; lastKnownFileType = sourcecode.swift; path = Commit.swift; sourceTree = "<group>"; };
		33B25CC625D119BE008D6F29 /* User.swift */ = {isa = PBXFileReference; fileEncoding = 4; lastKnownFileType = sourcecode.swift; path = User.swift; sourceTree = "<group>"; };
		33B25CC725D119BE008D6F29 /* Repository.swift */ = {isa = PBXFileReference; fileEncoding = 4; lastKnownFileType = sourcecode.swift; path = Repository.swift; sourceTree = "<group>"; };
		33B25CC825D119BE008D6F29 /* GithubClient.swift */ = {isa = PBXFileReference; fileEncoding = 4; lastKnownFileType = sourcecode.swift; path = GithubClient.swift; sourceTree = "<group>"; };
		33B25CCA25D119BE008D6F29 /* CancelBag.swift */ = {isa = PBXFileReference; fileEncoding = 4; lastKnownFileType = sourcecode.swift; path = CancelBag.swift; sourceTree = "<group>"; };
		33B25CCB25D119BE008D6F29 /* RestClient.swift */ = {isa = PBXFileReference; fileEncoding = 4; lastKnownFileType = sourcecode.swift; path = RestClient.swift; sourceTree = "<group>"; };
		33B25CCC25D119BE008D6F29 /* DateFormatterExtension.swift */ = {isa = PBXFileReference; fileEncoding = 4; lastKnownFileType = sourcecode.swift; path = DateFormatterExtension.swift; sourceTree = "<group>"; };
		33B25CCE25D119BE008D6F29 /* ViewPicker.swift */ = {isa = PBXFileReference; fileEncoding = 4; lastKnownFileType = sourcecode.swift; path = ViewPicker.swift; sourceTree = "<group>"; };
		33B25CCF25D119BE008D6F29 /* RootView.swift */ = {isa = PBXFileReference; fileEncoding = 4; lastKnownFileType = sourcecode.swift; path = RootView.swift; sourceTree = "<group>"; };
		33B25CD025D119BE008D6F29 /* ActivityIndicator.swift */ = {isa = PBXFileReference; fileEncoding = 4; lastKnownFileType = sourcecode.swift; path = ActivityIndicator.swift; sourceTree = "<group>"; };
		33B25CE425D17C8D008D6F29 /* PullsView.swift */ = {isa = PBXFileReference; lastKnownFileType = sourcecode.swift; path = PullsView.swift; sourceTree = "<group>"; };
		33C3792525D2817100DABBCA /* PullRequestRow.swift */ = {isa = PBXFileReference; lastKnownFileType = sourcecode.swift; path = PullRequestRow.swift; sourceTree = "<group>"; };
		33C3792C25D28F9700DABBCA /* PullRequestViewModel.swift */ = {isa = PBXFileReference; lastKnownFileType = sourcecode.swift; path = PullRequestViewModel.swift; sourceTree = "<group>"; };
		33C3792F25D29ECD00DABBCA /* PullEntry.swift */ = {isa = PBXFileReference; lastKnownFileType = sourcecode.swift; path = PullEntry.swift; sourceTree = "<group>"; };
		33E5DC7025DFA24500428669 /* ArrayExtension.swift */ = {isa = PBXFileReference; lastKnownFileType = sourcecode.swift; path = ArrayExtension.swift; sourceTree = "<group>"; };
		33EB143425DA9DB9005451B4 /* SideBar.swift */ = {isa = PBXFileReference; lastKnownFileType = sourcecode.swift; path = SideBar.swift; sourceTree = "<group>"; };
		33EB143E25DAB930005451B4 /* ProfileSettingsView.swift */ = {isa = PBXFileReference; lastKnownFileType = sourcecode.swift; path = ProfileSettingsView.swift; sourceTree = "<group>"; };
		33EB144225DABB28005451B4 /* RemoteImage.swift */ = {isa = PBXFileReference; lastKnownFileType = sourcecode.swift; path = RemoteImage.swift; sourceTree = "<group>"; };
/* End PBXFileReference section */

/* Begin PBXFrameworksBuildPhase section */
		33B25C9B25D11926008D6F29 /* Frameworks */ = {
			isa = PBXFrameworksBuildPhase;
			buildActionMask = 2147483647;
			files = (
			);
			runOnlyForDeploymentPostprocessing = 0;
		};
/* End PBXFrameworksBuildPhase section */

/* Begin PBXGroup section */
		339E60CF25D25F400052B238 /* GenericViews */ = {
			isa = PBXGroup;
			children = (
				33B25CD025D119BE008D6F29 /* ActivityIndicator.swift */,
				33322AFB25D6CAD50015BB00 /* LargeButton.swift */,
				33EB144225DABB28005451B4 /* RemoteImage.swift */,
			);
			path = GenericViews;
			sourceTree = "<group>";
		};
		33A0D53B25D705F90067D904 /* Utils */ = {
			isa = PBXGroup;
			children = (
				33322AFE25D6CB320015BB00 /* AppColor.swift */,
			);
			path = Utils;
			sourceTree = "<group>";
		};
		33A0D54525D7D64B0067D904 /* AppState */ = {
			isa = PBXGroup;
			children = (
				33B25CBA25D119B3008D6F29 /* RootViewModel.swift */,
				33B25CBC25D119B3008D6F29 /* GithubViewModel.swift */,
				33B25CBB25D119B3008D6F29 /* RepositoryViewModel.swift */,
				33C3792C25D28F9700DABBCA /* PullRequestViewModel.swift */,
			);
			path = AppState;
			sourceTree = "<group>";
		};
		33A0D54D25D7E27C0067D904 /* Settings */ = {
			isa = PBXGroup;
			children = (
				334D7C0325D3B60C002B547C /* SettingsView.swift */,
				33EB143E25DAB930005451B4 /* ProfileSettingsView.swift */,
				33A0D54E25D7E2900067D904 /* ReposSettingsView.swift */,
			);
			path = Settings;
			sourceTree = "<group>";
		};
		33A0D56325D9A0780067D904 /* Models */ = {
			isa = PBXGroup;
			children = (
				33A0D56425D9A0900067D904 /* RequestState.swift */,
				33A0D55425D900560067D904 /* RepositoryPath.swift */,
			);
			path = Models;
			sourceTree = "<group>";
		};
		33B25C9525D11926008D6F29 = {
			isa = PBXGroup;
			children = (
				33B25CA025D11926008D6F29 /* Duesentrieb */,
				33B25C9F25D11926008D6F29 /* Products */,
			);
			sourceTree = "<group>";
		};
		33B25C9F25D11926008D6F29 /* Products */ = {
			isa = PBXGroup;
			children = (
				33B25C9E25D11926008D6F29 /* Duesentrieb.app */,
			);
			name = Products;
			sourceTree = "<group>";
		};
		33B25CA025D11926008D6F29 /* Duesentrieb */ = {
			isa = PBXGroup;
			children = (
				33A0D56325D9A0780067D904 /* Models */,
				33A0D54525D7D64B0067D904 /* AppState */,
				33B25CCD25D119BE008D6F29 /* Views */,
				33B25CC125D119BE008D6F29 /* Github */,
				33B25CC925D119BE008D6F29 /* Utils */,
				33B25CB525D11934008D6F29 /* Resources */,
				33B25CA125D11926008D6F29 /* AppDelegate.swift */,
				33A0D55125D8FEDE0067D904 /* AppNotifications.swift */,
				33A0D53D25D714100067D904 /* AppSettings.swift */,
				339208E825DA79DF009B5F6C /* MenuBarIcon.swift */,
			);
			path = Duesentrieb;
			sourceTree = "<group>";
		};
		33B25CA725D11926008D6F29 /* Preview Content */ = {
			isa = PBXGroup;
			children = (
				33B25CA825D11926008D6F29 /* Preview Assets.xcassets */,
			);
			path = "Preview Content";
			sourceTree = "<group>";
		};
		33B25CB525D11934008D6F29 /* Resources */ = {
			isa = PBXGroup;
			children = (
				33B25CA525D11926008D6F29 /* Assets.xcassets */,
				33B25CB625D11958008D6F29 /* Main.storyboard */,
				33B25CAD25D11926008D6F29 /* Info.plist */,
				33B25CAE25D11926008D6F29 /* Duesentrieb.entitlements */,
				33B25CA725D11926008D6F29 /* Preview Content */,
			);
			path = Resources;
			sourceTree = "<group>";
		};
		33B25CC125D119BE008D6F29 /* Github */ = {
			isa = PBXGroup;
			children = (
				33B25CC225D119BE008D6F29 /* Models */,
				33B25CC825D119BE008D6F29 /* GithubClient.swift */,
			);
			path = Github;
			sourceTree = "<group>";
		};
		33B25CC225D119BE008D6F29 /* Models */ = {
			isa = PBXGroup;
			children = (
				33C3792F25D29ECD00DABBCA /* PullEntry.swift */,
				33B25CC325D119BE008D6F29 /* PullRequest.swift */,
				33B25CC425D119BE008D6F29 /* Review.swift */,
				33B25CC525D119BE008D6F29 /* Commit.swift */,
				33B25CC625D119BE008D6F29 /* User.swift */,
				33B25CC725D119BE008D6F29 /* Repository.swift */,
			);
			path = Models;
			sourceTree = "<group>";
		};
		33B25CC925D119BE008D6F29 /* Utils */ = {
			isa = PBXGroup;
			children = (
				33B25CCA25D119BE008D6F29 /* CancelBag.swift */,
				33B25CCB25D119BE008D6F29 /* RestClient.swift */,
				33B25CCC25D119BE008D6F29 /* DateFormatterExtension.swift */,
				33E5DC7025DFA24500428669 /* ArrayExtension.swift */,
			);
			path = Utils;
			sourceTree = "<group>";
		};
		33B25CCD25D119BE008D6F29 /* Views */ = {
			isa = PBXGroup;
			children = (
				33EB143825DA9DC2005451B4 /* RepositoryViews */,
				33A0D54D25D7E27C0067D904 /* Settings */,
				339E60CF25D25F400052B238 /* GenericViews */,
				33A0D53B25D705F90067D904 /* Utils */,
				33B25CCF25D119BE008D6F29 /* RootView.swift */,
				33EB143425DA9DB9005451B4 /* SideBar.swift */,
				33A0D55C25D99B8D0067D904 /* ConnectView.swift */,
			);
			path = Views;
			sourceTree = "<group>";
		};
		33EB143825DA9DC2005451B4 /* RepositoryViews */ = {
			isa = PBXGroup;
			children = (
				339E60D225D2625E0052B238 /* ReposView.swift */,
				33B25CE425D17C8D008D6F29 /* PullsView.swift */,
				33C3792525D2817100DABBCA /* PullRequestRow.swift */,
				33B25CCE25D119BE008D6F29 /* ViewPicker.swift */,
				334D7BFE25D30C3F002B547C /* ApprovedIndication.swift */,
				33A0D53525D6D67E0067D904 /* MergableIndication.swift */,
			);
			path = RepositoryViews;
			sourceTree = "<group>";
		};
/* End PBXGroup section */

/* Begin PBXNativeTarget section */
		33B25C9D25D11926008D6F29 /* Duesentrieb */ = {
			isa = PBXNativeTarget;
			buildConfigurationList = 33B25CB125D11926008D6F29 /* Build configuration list for PBXNativeTarget "Duesentrieb" */;
			buildPhases = (
				33B25C9A25D11926008D6F29 /* Sources */,
				33B25C9B25D11926008D6F29 /* Frameworks */,
				33B25C9C25D11926008D6F29 /* Resources */,
			);
			buildRules = (
			);
			dependencies = (
			);
			name = Duesentrieb;
			productName = Duesentrieb;
			productReference = 33B25C9E25D11926008D6F29 /* Duesentrieb.app */;
			productType = "com.apple.product-type.application";
		};
/* End PBXNativeTarget section */

/* Begin PBXProject section */
		33B25C9625D11926008D6F29 /* Project object */ = {
			isa = PBXProject;
			attributes = {
				LastSwiftUpdateCheck = 1240;
				LastUpgradeCheck = 1240;
				TargetAttributes = {
					33B25C9D25D11926008D6F29 = {
						CreatedOnToolsVersion = 12.4;
					};
				};
			};
			buildConfigurationList = 33B25C9925D11926008D6F29 /* Build configuration list for PBXProject "Duesentrieb" */;
			compatibilityVersion = "Xcode 9.3";
			developmentRegion = en;
			hasScannedForEncodings = 0;
			knownRegions = (
				en,
				Base,
			);
			mainGroup = 33B25C9525D11926008D6F29;
			productRefGroup = 33B25C9F25D11926008D6F29 /* Products */;
			projectDirPath = "";
			projectRoot = "";
			targets = (
				33B25C9D25D11926008D6F29 /* Duesentrieb */,
			);
		};
/* End PBXProject section */

/* Begin PBXResourcesBuildPhase section */
		33B25C9C25D11926008D6F29 /* Resources */ = {
			isa = PBXResourcesBuildPhase;
			buildActionMask = 2147483647;
			files = (
				33B25CA925D11926008D6F29 /* Preview Assets.xcassets in Resources */,
				33B25CA625D11926008D6F29 /* Assets.xcassets in Resources */,
				33B25CB725D11958008D6F29 /* Main.storyboard in Resources */,
			);
			runOnlyForDeploymentPostprocessing = 0;
		};
/* End PBXResourcesBuildPhase section */

/* Begin PBXSourcesBuildPhase section */
		33B25C9A25D11926008D6F29 /* Sources */ = {
			isa = PBXSourcesBuildPhase;
			buildActionMask = 2147483647;
			files = (
				339E60D325D2625E0052B238 /* ReposView.swift in Sources */,
				339208E925DA79DF009B5F6C /* MenuBarIcon.swift in Sources */,
				33B25CDA25D119BE008D6F29 /* ViewPicker.swift in Sources */,
				33B25CBF25D119B3008D6F29 /* GithubViewModel.swift in Sources */,
				33B25CBD25D119B3008D6F29 /* RootViewModel.swift in Sources */,
				33B25CD325D119BE008D6F29 /* Commit.swift in Sources */,
				33B25CBE25D119B3008D6F29 /* RepositoryViewModel.swift in Sources */,
				33A0D56525D9A0900067D904 /* RequestState.swift in Sources */,
				33A0D55525D900560067D904 /* RepositoryPath.swift in Sources */,
				33A0D55225D8FEDE0067D904 /* AppNotifications.swift in Sources */,
				334D7C0425D3B60C002B547C /* SettingsView.swift in Sources */,
				33C3792D25D28F9700DABBCA /* PullRequestViewModel.swift in Sources */,
				33B25CD825D119BE008D6F29 /* RestClient.swift in Sources */,
				334D7BFF25D30C3F002B547C /* ApprovedIndication.swift in Sources */,
				33A0D53625D6D67E0067D904 /* MergableIndication.swift in Sources */,
				33B25CD925D119BE008D6F29 /* DateFormatterExtension.swift in Sources */,
				33322AFC25D6CAD50015BB00 /* LargeButton.swift in Sources */,
				33B25CE525D17C8D008D6F29 /* PullsView.swift in Sources */,
				33B25CD425D119BE008D6F29 /* User.swift in Sources */,
				33B25CD125D119BE008D6F29 /* PullRequest.swift in Sources */,
				33B25CA225D11926008D6F29 /* AppDelegate.swift in Sources */,
				33322AFF25D6CB320015BB00 /* AppColor.swift in Sources */,
				33B25CD625D119BE008D6F29 /* GithubClient.swift in Sources */,
				33B25CD725D119BE008D6F29 /* CancelBag.swift in Sources */,
				33B25CDC25D119BE008D6F29 /* ActivityIndicator.swift in Sources */,
				33A0D54F25D7E2900067D904 /* ReposSettingsView.swift in Sources */,
				33C3793025D29ECD00DABBCA /* PullEntry.swift in Sources */,
				33EB144325DABB28005451B4 /* RemoteImage.swift in Sources */,
				33B25CD225D119BE008D6F29 /* Review.swift in Sources */,
				33C3792625D2817100DABBCA /* PullRequestRow.swift in Sources */,
				33E5DC7125DFA24500428669 /* ArrayExtension.swift in Sources */,
				33EB143525DA9DB9005451B4 /* SideBar.swift in Sources */,
				33A0D53E25D714100067D904 /* AppSettings.swift in Sources */,
				33B25CD525D119BE008D6F29 /* Repository.swift in Sources */,
				33EB143F25DAB930005451B4 /* ProfileSettingsView.swift in Sources */,
				33A0D55D25D99B8D0067D904 /* ConnectView.swift in Sources */,
				33B25CDB25D119BE008D6F29 /* RootView.swift in Sources */,
			);
			runOnlyForDeploymentPostprocessing = 0;
		};
/* End PBXSourcesBuildPhase section */

/* Begin XCBuildConfiguration section */
		33B25CAF25D11926008D6F29 /* Debug */ = {
			isa = XCBuildConfiguration;
			buildSettings = {
				ALWAYS_SEARCH_USER_PATHS = NO;
				CLANG_ANALYZER_NONNULL = YES;
				CLANG_ANALYZER_NUMBER_OBJECT_CONVERSION = YES_AGGRESSIVE;
				CLANG_CXX_LANGUAGE_STANDARD = "gnu++14";
				CLANG_CXX_LIBRARY = "libc++";
				CLANG_ENABLE_MODULES = YES;
				CLANG_ENABLE_OBJC_ARC = YES;
				CLANG_ENABLE_OBJC_WEAK = YES;
				CLANG_WARN_BLOCK_CAPTURE_AUTORELEASING = YES;
				CLANG_WARN_BOOL_CONVERSION = YES;
				CLANG_WARN_COMMA = YES;
				CLANG_WARN_CONSTANT_CONVERSION = YES;
				CLANG_WARN_DEPRECATED_OBJC_IMPLEMENTATIONS = YES;
				CLANG_WARN_DIRECT_OBJC_ISA_USAGE = YES_ERROR;
				CLANG_WARN_DOCUMENTATION_COMMENTS = YES;
				CLANG_WARN_EMPTY_BODY = YES;
				CLANG_WARN_ENUM_CONVERSION = YES;
				CLANG_WARN_INFINITE_RECURSION = YES;
				CLANG_WARN_INT_CONVERSION = YES;
				CLANG_WARN_NON_LITERAL_NULL_CONVERSION = YES;
				CLANG_WARN_OBJC_IMPLICIT_RETAIN_SELF = YES;
				CLANG_WARN_OBJC_LITERAL_CONVERSION = YES;
				CLANG_WARN_OBJC_ROOT_CLASS = YES_ERROR;
				CLANG_WARN_QUOTED_INCLUDE_IN_FRAMEWORK_HEADER = YES;
				CLANG_WARN_RANGE_LOOP_ANALYSIS = YES;
				CLANG_WARN_STRICT_PROTOTYPES = YES;
				CLANG_WARN_SUSPICIOUS_MOVE = YES;
				CLANG_WARN_UNGUARDED_AVAILABILITY = YES_AGGRESSIVE;
				CLANG_WARN_UNREACHABLE_CODE = YES;
				CLANG_WARN__DUPLICATE_METHOD_MATCH = YES;
				COPY_PHASE_STRIP = NO;
				DEBUG_INFORMATION_FORMAT = dwarf;
				ENABLE_STRICT_OBJC_MSGSEND = YES;
				ENABLE_TESTABILITY = YES;
				GCC_C_LANGUAGE_STANDARD = gnu11;
				GCC_DYNAMIC_NO_PIC = NO;
				GCC_NO_COMMON_BLOCKS = YES;
				GCC_OPTIMIZATION_LEVEL = 0;
				GCC_PREPROCESSOR_DEFINITIONS = (
					"DEBUG=1",
					"$(inherited)",
				);
				GCC_WARN_64_TO_32_BIT_CONVERSION = YES;
				GCC_WARN_ABOUT_RETURN_TYPE = YES_ERROR;
				GCC_WARN_UNDECLARED_SELECTOR = YES;
				GCC_WARN_UNINITIALIZED_AUTOS = YES_AGGRESSIVE;
				GCC_WARN_UNUSED_FUNCTION = YES;
				GCC_WARN_UNUSED_VARIABLE = YES;
				MACOSX_DEPLOYMENT_TARGET = 10.15;
				MTL_ENABLE_DEBUG_INFO = INCLUDE_SOURCE;
				MTL_FAST_MATH = YES;
				ONLY_ACTIVE_ARCH = YES;
				SDKROOT = macosx;
				SWIFT_ACTIVE_COMPILATION_CONDITIONS = DEBUG;
				SWIFT_OPTIMIZATION_LEVEL = "-Onone";
			};
			name = Debug;
		};
		33B25CB025D11926008D6F29 /* Release */ = {
			isa = XCBuildConfiguration;
			buildSettings = {
				ALWAYS_SEARCH_USER_PATHS = NO;
				CLANG_ANALYZER_NONNULL = YES;
				CLANG_ANALYZER_NUMBER_OBJECT_CONVERSION = YES_AGGRESSIVE;
				CLANG_CXX_LANGUAGE_STANDARD = "gnu++14";
				CLANG_CXX_LIBRARY = "libc++";
				CLANG_ENABLE_MODULES = YES;
				CLANG_ENABLE_OBJC_ARC = YES;
				CLANG_ENABLE_OBJC_WEAK = YES;
				CLANG_WARN_BLOCK_CAPTURE_AUTORELEASING = YES;
				CLANG_WARN_BOOL_CONVERSION = YES;
				CLANG_WARN_COMMA = YES;
				CLANG_WARN_CONSTANT_CONVERSION = YES;
				CLANG_WARN_DEPRECATED_OBJC_IMPLEMENTATIONS = YES;
				CLANG_WARN_DIRECT_OBJC_ISA_USAGE = YES_ERROR;
				CLANG_WARN_DOCUMENTATION_COMMENTS = YES;
				CLANG_WARN_EMPTY_BODY = YES;
				CLANG_WARN_ENUM_CONVERSION = YES;
				CLANG_WARN_INFINITE_RECURSION = YES;
				CLANG_WARN_INT_CONVERSION = YES;
				CLANG_WARN_NON_LITERAL_NULL_CONVERSION = YES;
				CLANG_WARN_OBJC_IMPLICIT_RETAIN_SELF = YES;
				CLANG_WARN_OBJC_LITERAL_CONVERSION = YES;
				CLANG_WARN_OBJC_ROOT_CLASS = YES_ERROR;
				CLANG_WARN_QUOTED_INCLUDE_IN_FRAMEWORK_HEADER = YES;
				CLANG_WARN_RANGE_LOOP_ANALYSIS = YES;
				CLANG_WARN_STRICT_PROTOTYPES = YES;
				CLANG_WARN_SUSPICIOUS_MOVE = YES;
				CLANG_WARN_UNGUARDED_AVAILABILITY = YES_AGGRESSIVE;
				CLANG_WARN_UNREACHABLE_CODE = YES;
				CLANG_WARN__DUPLICATE_METHOD_MATCH = YES;
				COPY_PHASE_STRIP = NO;
				DEBUG_INFORMATION_FORMAT = "dwarf-with-dsym";
				ENABLE_NS_ASSERTIONS = NO;
				ENABLE_STRICT_OBJC_MSGSEND = YES;
				GCC_C_LANGUAGE_STANDARD = gnu11;
				GCC_NO_COMMON_BLOCKS = YES;
				GCC_WARN_64_TO_32_BIT_CONVERSION = YES;
				GCC_WARN_ABOUT_RETURN_TYPE = YES_ERROR;
				GCC_WARN_UNDECLARED_SELECTOR = YES;
				GCC_WARN_UNINITIALIZED_AUTOS = YES_AGGRESSIVE;
				GCC_WARN_UNUSED_FUNCTION = YES;
				GCC_WARN_UNUSED_VARIABLE = YES;
				MACOSX_DEPLOYMENT_TARGET = 10.15;
				MTL_ENABLE_DEBUG_INFO = NO;
				MTL_FAST_MATH = YES;
				SDKROOT = macosx;
				SWIFT_COMPILATION_MODE = wholemodule;
				SWIFT_OPTIMIZATION_LEVEL = "-O";
			};
			name = Release;
		};
		33B25CB225D11926008D6F29 /* Debug */ = {
			isa = XCBuildConfiguration;
			buildSettings = {
				ASSETCATALOG_COMPILER_APPICON_NAME = AppIcon;
				ASSETCATALOG_COMPILER_GLOBAL_ACCENT_COLOR_NAME = AccentColor;
				CODE_SIGN_ENTITLEMENTS = Duesentrieb/Resources/Duesentrieb.entitlements;
				CODE_SIGN_STYLE = Automatic;
				COMBINE_HIDPI_IMAGES = YES;
				DEVELOPMENT_ASSET_PATHS = "Duesentrieb/Resources/Preview\\ Content/Preview\\ Assets.xcassets";
				DEVELOPMENT_TEAM = 2Z7U84UV62;
				ENABLE_HARDENED_RUNTIME = YES;
				ENABLE_PREVIEWS = YES;
				INFOPLIST_FILE = Duesentrieb/Resources/Info.plist;
				LD_RUNPATH_SEARCH_PATHS = (
					"$(inherited)",
					"@executable_path/../Frameworks",
				);
				MACOSX_DEPLOYMENT_TARGET = 10.15;
				PRODUCT_BUNDLE_IDENTIFIER = com.radler.Duesentrieb;
				PRODUCT_NAME = "$(TARGET_NAME)";
				SWIFT_VERSION = 5.0;
			};
			name = Debug;
		};
		33B25CB325D11926008D6F29 /* Release */ = {
			isa = XCBuildConfiguration;
			buildSettings = {
				ASSETCATALOG_COMPILER_APPICON_NAME = AppIcon;
				ASSETCATALOG_COMPILER_GLOBAL_ACCENT_COLOR_NAME = AccentColor;
				CODE_SIGN_ENTITLEMENTS = Duesentrieb/Resources/Duesentrieb.entitlements;
				CODE_SIGN_STYLE = Automatic;
				COMBINE_HIDPI_IMAGES = YES;
				DEVELOPMENT_ASSET_PATHS = "Duesentrieb/Resources/Preview\\ Content/Preview\\ Assets.xcassets";
				DEVELOPMENT_TEAM = 2Z7U84UV62;
				ENABLE_HARDENED_RUNTIME = YES;
				ENABLE_PREVIEWS = YES;
				INFOPLIST_FILE = Duesentrieb/Resources/Info.plist;
				LD_RUNPATH_SEARCH_PATHS = (
					"$(inherited)",
					"@executable_path/../Frameworks",
				);
				MACOSX_DEPLOYMENT_TARGET = 10.15;
				PRODUCT_BUNDLE_IDENTIFIER = com.radler.Duesentrieb;
				PRODUCT_NAME = "$(TARGET_NAME)";
				SWIFT_VERSION = 5.0;
			};
			name = Release;
		};
/* End XCBuildConfiguration section */

/* Begin XCConfigurationList section */
		33B25C9925D11926008D6F29 /* Build configuration list for PBXProject "Duesentrieb" */ = {
			isa = XCConfigurationList;
			buildConfigurations = (
				33B25CAF25D11926008D6F29 /* Debug */,
				33B25CB025D11926008D6F29 /* Release */,
			);
			defaultConfigurationIsVisible = 0;
			defaultConfigurationName = Release;
		};
		33B25CB125D11926008D6F29 /* Build configuration list for PBXNativeTarget "Duesentrieb" */ = {
			isa = XCConfigurationList;
			buildConfigurations = (
				33B25CB225D11926008D6F29 /* Debug */,
				33B25CB325D11926008D6F29 /* Release */,
			);
			defaultConfigurationIsVisible = 0;
			defaultConfigurationName = Release;
		};
/* End XCConfigurationList section */
	};
	rootObject = 33B25C9625D11926008D6F29 /* Project object */;
}
